// !$*UTF8*$!
{
	archiveVersion = 1;
	classes = {
	};
	objectVersion = 50;
	objects = {

/* Begin PBXBuildFile section */
		57466A5D21086E2C002AFE79 /* AppDelegate.m in Sources */ = {isa = PBXBuildFile; fileRef = 57466A5C21086E2C002AFE79 /* AppDelegate.m */; };
		57466A6021086E2D002AFE79 /* ViewController.m in Sources */ = {isa = PBXBuildFile; fileRef = 57466A5F21086E2D002AFE79 /* ViewController.m */; };
		57466A6321086E2D002AFE79 /* Main.storyboard in Resources */ = {isa = PBXBuildFile; fileRef = 57466A6121086E2D002AFE79 /* Main.storyboard */; };
		57466A6521086E2F002AFE79 /* Assets.xcassets in Resources */ = {isa = PBXBuildFile; fileRef = 57466A6421086E2F002AFE79 /* Assets.xcassets */; };
		57466A6821086E2F002AFE79 /* LaunchScreen.storyboard in Resources */ = {isa = PBXBuildFile; fileRef = 57466A6621086E2F002AFE79 /* LaunchScreen.storyboard */; };
		57466A6B21086E2F002AFE79 /* main.m in Sources */ = {isa = PBXBuildFile; fileRef = 57466A6A21086E2F002AFE79 /* main.m */; };
		57466A7521086E2F002AFE79 /* LXTagsViewTests.m in Sources */ = {isa = PBXBuildFile; fileRef = 57466A7421086E2F002AFE79 /* LXTagsViewTests.m */; };
		57466A8021086E2F002AFE79 /* LXTagsViewUITests.m in Sources */ = {isa = PBXBuildFile; fileRef = 57466A7F21086E2F002AFE79 /* LXTagsViewUITests.m */; };
		57466A9821086F0F002AFE79 /* NSString+Extension.m in Sources */ = {isa = PBXBuildFile; fileRef = 57466A9321086F0F002AFE79 /* NSString+Extension.m */; };
		57466A9921086F0F002AFE79 /* UIColor+LXExpand.m in Sources */ = {isa = PBXBuildFile; fileRef = 57466A9521086F0F002AFE79 /* UIColor+LXExpand.m */; };
		57466A9A21086F0F002AFE79 /* LXTagsView.m in Sources */ = {isa = PBXBuildFile; fileRef = 57466A9621086F0F002AFE79 /* LXTagsView.m */; };
		57466A9E21086FF7002AFE79 /* UIButton+LXExpandBtn.m in Sources */ = {isa = PBXBuildFile; fileRef = 57466A9C21086FF7002AFE79 /* UIButton+LXExpandBtn.m */; };
		57466AB921087031002AFE79 /* NSLayoutConstraint+MASDebugAdditions.m in Sources */ = {isa = PBXBuildFile; fileRef = 57466AA121087031002AFE79 /* NSLayoutConstraint+MASDebugAdditions.m */; };
		57466ABA21087031002AFE79 /* ViewController+MASAdditions.m in Sources */ = {isa = PBXBuildFile; fileRef = 57466AAA21087031002AFE79 /* ViewController+MASAdditions.m */; };
		57466ABB21087031002AFE79 /* MASCompositeConstraint.m in Sources */ = {isa = PBXBuildFile; fileRef = 57466AAE21087031002AFE79 /* MASCompositeConstraint.m */; };
		57466ABC21087031002AFE79 /* MASConstraintMaker.m in Sources */ = {isa = PBXBuildFile; fileRef = 57466AAF21087031002AFE79 /* MASConstraintMaker.m */; };
		57466ABD21087031002AFE79 /* MASLayoutConstraint.m in Sources */ = {isa = PBXBuildFile; fileRef = 57466AB021087031002AFE79 /* MASLayoutConstraint.m */; };
		57466ABE21087031002AFE79 /* NSArray+MASAdditions.m in Sources */ = {isa = PBXBuildFile; fileRef = 57466AB121087031002AFE79 /* NSArray+MASAdditions.m */; };
		57466ABF21087031002AFE79 /* View+MASAdditions.m in Sources */ = {isa = PBXBuildFile; fileRef = 57466AB221087031002AFE79 /* View+MASAdditions.m */; };
		57466AC021087031002AFE79 /* MASConstraint.m in Sources */ = {isa = PBXBuildFile; fileRef = 57466AB521087031002AFE79 /* MASConstraint.m */; };
		57466AC121087031002AFE79 /* MASViewConstraint.m in Sources */ = {isa = PBXBuildFile; fileRef = 57466AB721087031002AFE79 /* MASViewConstraint.m */; };
		57466AC221087031002AFE79 /* MASViewAttribute.m in Sources */ = {isa = PBXBuildFile; fileRef = 57466AB821087031002AFE79 /* MASViewAttribute.m */; };
		57466AC5210870FD002AFE79 /* LabelTableViewController.m in Sources */ = {isa = PBXBuildFile; fileRef = 57466AC4210870FD002AFE79 /* LabelTableViewController.m */; };
		57466AC82108711A002AFE79 /* LabelCell.m in Sources */ = {isa = PBXBuildFile; fileRef = 57466AC72108711A002AFE79 /* LabelCell.m */; };
/* End PBXBuildFile section */

/* Begin PBXContainerItemProxy section */
		57466A7121086E2F002AFE79 /* PBXContainerItemProxy */ = {
			isa = PBXContainerItemProxy;
			containerPortal = 57466A5021086E2C002AFE79 /* Project object */;
			proxyType = 1;
			remoteGlobalIDString = 57466A5721086E2C002AFE79;
			remoteInfo = LXTagsView;
		};
		57466A7C21086E2F002AFE79 /* PBXContainerItemProxy */ = {
			isa = PBXContainerItemProxy;
			containerPortal = 57466A5021086E2C002AFE79 /* Project object */;
			proxyType = 1;
			remoteGlobalIDString = 57466A5721086E2C002AFE79;
			remoteInfo = LXTagsView;
		};
/* End PBXContainerItemProxy section */

/* Begin PBXFileReference section */
		57466A5821086E2C002AFE79 /* LXTagsView.app */ = {isa = PBXFileReference; explicitFileType = wrapper.application; includeInIndex = 0; path = LXTagsView.app; sourceTree = BUILT_PRODUCTS_DIR; };
		57466A5B21086E2C002AFE79 /* AppDelegate.h */ = {isa = PBXFileReference; lastKnownFileType = sourcecode.c.h; path = AppDelegate.h; sourceTree = "<group>"; };
		57466A5C21086E2C002AFE79 /* AppDelegate.m */ = {isa = PBXFileReference; lastKnownFileType = sourcecode.c.objc; path = AppDelegate.m; sourceTree = "<group>"; };
		57466A5E21086E2D002AFE79 /* ViewController.h */ = {isa = PBXFileReference; lastKnownFileType = sourcecode.c.h; path = ViewController.h; sourceTree = "<group>"; };
		57466A5F21086E2D002AFE79 /* ViewController.m */ = {isa = PBXFileReference; lastKnownFileType = sourcecode.c.objc; path = ViewController.m; sourceTree = "<group>"; };
		57466A6221086E2D002AFE79 /* Base */ = {isa = PBXFileReference; lastKnownFileType = file.storyboard; name = Base; path = Base.lproj/Main.storyboard; sourceTree = "<group>"; };
		57466A6421086E2F002AFE79 /* Assets.xcassets */ = {isa = PBXFileReference; lastKnownFileType = folder.assetcatalog; path = Assets.xcassets; sourceTree = "<group>"; };
		57466A6721086E2F002AFE79 /* Base */ = {isa = PBXFileReference; lastKnownFileType = file.storyboard; name = Base; path = Base.lproj/LaunchScreen.storyboard; sourceTree = "<group>"; };
		57466A6921086E2F002AFE79 /* Info.plist */ = {isa = PBXFileReference; lastKnownFileType = text.plist.xml; path = Info.plist; sourceTree = "<group>"; };
		57466A6A21086E2F002AFE79 /* main.m */ = {isa = PBXFileReference; lastKnownFileType = sourcecode.c.objc; path = main.m; sourceTree = "<group>"; };
		57466A7021086E2F002AFE79 /* LXTagsViewTests.xctest */ = {isa = PBXFileReference; explicitFileType = wrapper.cfbundle; includeInIndex = 0; path = LXTagsViewTests.xctest; sourceTree = BUILT_PRODUCTS_DIR; };
		57466A7421086E2F002AFE79 /* LXTagsViewTests.m */ = {isa = PBXFileReference; lastKnownFileType = sourcecode.c.objc; path = LXTagsViewTests.m; sourceTree = "<group>"; };
		57466A7621086E2F002AFE79 /* Info.plist */ = {isa = PBXFileReference; lastKnownFileType = text.plist.xml; path = Info.plist; sourceTree = "<group>"; };
		57466A7B21086E2F002AFE79 /* LXTagsViewUITests.xctest */ = {isa = PBXFileReference; explicitFileType = wrapper.cfbundle; includeInIndex = 0; path = LXTagsViewUITests.xctest; sourceTree = BUILT_PRODUCTS_DIR; };
		57466A7F21086E2F002AFE79 /* LXTagsViewUITests.m */ = {isa = PBXFileReference; lastKnownFileType = sourcecode.c.objc; path = LXTagsViewUITests.m; sourceTree = "<group>"; };
		57466A8121086E2F002AFE79 /* Info.plist */ = {isa = PBXFileReference; lastKnownFileType = text.plist.xml; path = Info.plist; sourceTree = "<group>"; };
		57466A8E21086F0E002AFE79 /* LXTagsView.h */ = {isa = PBXFileReference; fileEncoding = 4; lastKnownFileType = sourcecode.c.h; path = LXTagsView.h; sourceTree = "<group>"; };
		57466A9021086F0F002AFE79 /* NSString+Extension.h */ = {isa = PBXFileReference; fileEncoding = 4; lastKnownFileType = sourcecode.c.h; path = "NSString+Extension.h"; sourceTree = "<group>"; };
		57466A9221086F0F002AFE79 /* UIColor+LXExpand.h */ = {isa = PBXFileReference; fileEncoding = 4; lastKnownFileType = sourcecode.c.h; path = "UIColor+LXExpand.h"; sourceTree = "<group>"; };
		57466A9321086F0F002AFE79 /* NSString+Extension.m */ = {isa = PBXFileReference; fileEncoding = 4; lastKnownFileType = sourcecode.c.objc; path = "NSString+Extension.m"; sourceTree = "<group>"; };
		57466A9521086F0F002AFE79 /* UIColor+LXExpand.m */ = {isa = PBXFileReference; fileEncoding = 4; lastKnownFileType = sourcecode.c.objc; path = "UIColor+LXExpand.m"; sourceTree = "<group>"; };
		57466A9621086F0F002AFE79 /* LXTagsView.m */ = {isa = PBXFileReference; fileEncoding = 4; lastKnownFileType = sourcecode.c.objc; path = LXTagsView.m; sourceTree = "<group>"; };
		57466A9B21086F81002AFE79 /* LX.pch */ = {isa = PBXFileReference; lastKnownFileType = sourcecode.c.h; path = LX.pch; sourceTree = "<group>"; };
		57466A9C21086FF7002AFE79 /* UIButton+LXExpandBtn.m */ = {isa = PBXFileReference; fileEncoding = 4; lastKnownFileType = sourcecode.c.objc; path = "UIButton+LXExpandBtn.m"; sourceTree = "<group>"; };
		57466A9D21086FF7002AFE79 /* UIButton+LXExpandBtn.h */ = {isa = PBXFileReference; fileEncoding = 4; lastKnownFileType = sourcecode.c.h; path = "UIButton+LXExpandBtn.h"; sourceTree = "<group>"; };
		57466AA021087031002AFE79 /* MASCompositeConstraint.h */ = {isa = PBXFileReference; fileEncoding = 4; lastKnownFileType = sourcecode.c.h; path = MASCompositeConstraint.h; sourceTree = "<group>"; };
		57466AA121087031002AFE79 /* NSLayoutConstraint+MASDebugAdditions.m */ = {isa = PBXFileReference; fileEncoding = 4; lastKnownFileType = sourcecode.c.objc; path = "NSLayoutConstraint+MASDebugAdditions.m"; sourceTree = "<group>"; };
		57466AA221087031002AFE79 /* MASConstraint+Private.h */ = {isa = PBXFileReference; fileEncoding = 4; lastKnownFileType = sourcecode.c.h; path = "MASConstraint+Private.h"; sourceTree = "<group>"; };
		57466AA321087031002AFE79 /* MASLayoutConstraint.h */ = {isa = PBXFileReference; fileEncoding = 4; lastKnownFileType = sourcecode.c.h; path = MASLayoutConstraint.h; sourceTree = "<group>"; };
		57466AA421087031002AFE79 /* NSArray+MASShorthandAdditions.h */ = {isa = PBXFileReference; fileEncoding = 4; lastKnownFileType = sourcecode.c.h; path = "NSArray+MASShorthandAdditions.h"; sourceTree = "<group>"; };
		57466AA521087031002AFE79 /* MASConstraintMaker.h */ = {isa = PBXFileReference; fileEncoding = 4; lastKnownFileType = sourcecode.c.h; path = MASConstraintMaker.h; sourceTree = "<group>"; };
		57466AA621087031002AFE79 /* View+MASAdditions.h */ = {isa = PBXFileReference; fileEncoding = 4; lastKnownFileType = sourcecode.c.h; path = "View+MASAdditions.h"; sourceTree = "<group>"; };
		57466AA721087031002AFE79 /* NSArray+MASAdditions.h */ = {isa = PBXFileReference; fileEncoding = 4; lastKnownFileType = sourcecode.c.h; path = "NSArray+MASAdditions.h"; sourceTree = "<group>"; };
		57466AA821087031002AFE79 /* MASUtilities.h */ = {isa = PBXFileReference; fileEncoding = 4; lastKnownFileType = sourcecode.c.h; path = MASUtilities.h; sourceTree = "<group>"; };
		57466AA921087031002AFE79 /* MASViewAttribute.h */ = {isa = PBXFileReference; fileEncoding = 4; lastKnownFileType = sourcecode.c.h; path = MASViewAttribute.h; sourceTree = "<group>"; };
		57466AAA21087031002AFE79 /* ViewController+MASAdditions.m */ = {isa = PBXFileReference; fileEncoding = 4; lastKnownFileType = sourcecode.c.objc; path = "ViewController+MASAdditions.m"; sourceTree = "<group>"; };
		57466AAB21087031002AFE79 /* MASViewConstraint.h */ = {isa = PBXFileReference; fileEncoding = 4; lastKnownFileType = sourcecode.c.h; path = MASViewConstraint.h; sourceTree = "<group>"; };
		57466AAC21087031002AFE79 /* MASConstraint.h */ = {isa = PBXFileReference; fileEncoding = 4; lastKnownFileType = sourcecode.c.h; path = MASConstraint.h; sourceTree = "<group>"; };
		57466AAD21087031002AFE79 /* NSLayoutConstraint+MASDebugAdditions.h */ = {isa = PBXFileReference; fileEncoding = 4; lastKnownFileType = sourcecode.c.h; path = "NSLayoutConstraint+MASDebugAdditions.h"; sourceTree = "<group>"; };
		57466AAE21087031002AFE79 /* MASCompositeConstraint.m */ = {isa = PBXFileReference; fileEncoding = 4; lastKnownFileType = sourcecode.c.objc; path = MASCompositeConstraint.m; sourceTree = "<group>"; };
		57466AAF21087031002AFE79 /* MASConstraintMaker.m */ = {isa = PBXFileReference; fileEncoding = 4; lastKnownFileType = sourcecode.c.objc; path = MASConstraintMaker.m; sourceTree = "<group>"; };
		57466AB021087031002AFE79 /* MASLayoutConstraint.m */ = {isa = PBXFileReference; fileEncoding = 4; lastKnownFileType = sourcecode.c.objc; path = MASLayoutConstraint.m; sourceTree = "<group>"; };
		57466AB121087031002AFE79 /* NSArray+MASAdditions.m */ = {isa = PBXFileReference; fileEncoding = 4; lastKnownFileType = sourcecode.c.objc; path = "NSArray+MASAdditions.m"; sourceTree = "<group>"; };
		57466AB221087031002AFE79 /* View+MASAdditions.m */ = {isa = PBXFileReference; fileEncoding = 4; lastKnownFileType = sourcecode.c.objc; path = "View+MASAdditions.m"; sourceTree = "<group>"; };
		57466AB321087031002AFE79 /* View+MASShorthandAdditions.h */ = {isa = PBXFileReference; fileEncoding = 4; lastKnownFileType = sourcecode.c.h; path = "View+MASShorthandAdditions.h"; sourceTree = "<group>"; };
		57466AB421087031002AFE79 /* Masonry.h */ = {isa = PBXFileReference; fileEncoding = 4; lastKnownFileType = sourcecode.c.h; path = Masonry.h; sourceTree = "<group>"; };
		57466AB521087031002AFE79 /* MASConstraint.m */ = {isa = PBXFileReference; fileEncoding = 4; lastKnownFileType = sourcecode.c.objc; path = MASConstraint.m; sourceTree = "<group>"; };
		57466AB621087031002AFE79 /* ViewController+MASAdditions.h */ = {isa = PBXFileReference; fileEncoding = 4; lastKnownFileType = sourcecode.c.h; path = "ViewController+MASAdditions.h"; sourceTree = "<group>"; };
		57466AB721087031002AFE79 /* MASViewConstraint.m */ = {isa = PBXFileReference; fileEncoding = 4; lastKnownFileType = sourcecode.c.objc; path = MASViewConstraint.m; sourceTree = "<group>"; };
		57466AB821087031002AFE79 /* MASViewAttribute.m */ = {isa = PBXFileReference; fileEncoding = 4; lastKnownFileType = sourcecode.c.objc; path = MASViewAttribute.m; sourceTree = "<group>"; };
		57466AC3210870FD002AFE79 /* LabelTableViewController.h */ = {isa = PBXFileReference; lastKnownFileType = sourcecode.c.h; path = LabelTableViewController.h; sourceTree = "<group>"; };
		57466AC4210870FD002AFE79 /* LabelTableViewController.m */ = {isa = PBXFileReference; lastKnownFileType = sourcecode.c.objc; path = LabelTableViewController.m; sourceTree = "<group>"; };
		57466AC62108711A002AFE79 /* LabelCell.h */ = {isa = PBXFileReference; lastKnownFileType = sourcecode.c.h; path = LabelCell.h; sourceTree = "<group>"; };
		57466AC72108711A002AFE79 /* LabelCell.m */ = {isa = PBXFileReference; lastKnownFileType = sourcecode.c.objc; path = LabelCell.m; sourceTree = "<group>"; };
/* End PBXFileReference section */

/* Begin PBXFrameworksBuildPhase section */
		57466A5521086E2C002AFE79 /* Frameworks */ = {
			isa = PBXFrameworksBuildPhase;
			buildActionMask = 2147483647;
			files = (
			);
			runOnlyForDeploymentPostprocessing = 0;
		};
		57466A6D21086E2F002AFE79 /* Frameworks */ = {
			isa = PBXFrameworksBuildPhase;
			buildActionMask = 2147483647;
			files = (
			);
			runOnlyForDeploymentPostprocessing = 0;
		};
		57466A7821086E2F002AFE79 /* Frameworks */ = {
			isa = PBXFrameworksBuildPhase;
			buildActionMask = 2147483647;
			files = (
			);
			runOnlyForDeploymentPostprocessing = 0;
		};
/* End PBXFrameworksBuildPhase section */

/* Begin PBXGroup section */
		57466A4F21086E2C002AFE79 = {
			isa = PBXGroup;
			children = (
				57466A5A21086E2C002AFE79 /* LXTagsView */,
				57466A7321086E2F002AFE79 /* LXTagsViewTests */,
				57466A7E21086E2F002AFE79 /* LXTagsViewUITests */,
				57466A5921086E2C002AFE79 /* Products */,
			);
			sourceTree = "<group>";
		};
		57466A5921086E2C002AFE79 /* Products */ = {
			isa = PBXGroup;
			children = (
				57466A5821086E2C002AFE79 /* LXTagsView.app */,
				57466A7021086E2F002AFE79 /* LXTagsViewTests.xctest */,
				57466A7B21086E2F002AFE79 /* LXTagsViewUITests.xctest */,
			);
			name = Products;
			sourceTree = "<group>";
		};
		57466A5A21086E2C002AFE79 /* LXTagsView */ = {
			isa = PBXGroup;
			children = (
				57466A9F21087031002AFE79 /* Masonry */,
				57466A8D21086E70002AFE79 /* TagsView */,
				57466A5B21086E2C002AFE79 /* AppDelegate.h */,
				57466A5C21086E2C002AFE79 /* AppDelegate.m */,
				57466A5E21086E2D002AFE79 /* ViewController.h */,
				57466A5F21086E2D002AFE79 /* ViewController.m */,
				57466AC3210870FD002AFE79 /* LabelTableViewController.h */,
				57466AC4210870FD002AFE79 /* LabelTableViewController.m */,
				57466AC62108711A002AFE79 /* LabelCell.h */,
				57466AC72108711A002AFE79 /* LabelCell.m */,
				57466A6121086E2D002AFE79 /* Main.storyboard */,
				57466A6421086E2F002AFE79 /* Assets.xcassets */,
				57466A6621086E2F002AFE79 /* LaunchScreen.storyboard */,
				57466A6921086E2F002AFE79 /* Info.plist */,
				57466A6A21086E2F002AFE79 /* main.m */,
				57466A9B21086F81002AFE79 /* LX.pch */,
			);
			path = LXTagsView;
			sourceTree = "<group>";
		};
		57466A7321086E2F002AFE79 /* LXTagsViewTests */ = {
			isa = PBXGroup;
			children = (
				57466A7421086E2F002AFE79 /* LXTagsViewTests.m */,
				57466A7621086E2F002AFE79 /* Info.plist */,
			);
			path = LXTagsViewTests;
			sourceTree = "<group>";
		};
		57466A7E21086E2F002AFE79 /* LXTagsViewUITests */ = {
			isa = PBXGroup;
			children = (
				57466A7F21086E2F002AFE79 /* LXTagsViewUITests.m */,
				57466A8121086E2F002AFE79 /* Info.plist */,
			);
			path = LXTagsViewUITests;
			sourceTree = "<group>";
		};
		57466A8D21086E70002AFE79 /* TagsView */ = {
			isa = PBXGroup;
			children = (
				57466A8F21086F0F002AFE79 /* Cagegory */,
				57466A8E21086F0E002AFE79 /* LXTagsView.h */,
				57466A9621086F0F002AFE79 /* LXTagsView.m */,
			);
			path = TagsView;
			sourceTree = "<group>";
		};
		57466A8F21086F0F002AFE79 /* Cagegory */ = {
			isa = PBXGroup;
			children = (
				57466A9D21086FF7002AFE79 /* UIButton+LXExpandBtn.h */,
				57466A9C21086FF7002AFE79 /* UIButton+LXExpandBtn.m */,
				57466A9221086F0F002AFE79 /* UIColor+LXExpand.h */,
				57466A9521086F0F002AFE79 /* UIColor+LXExpand.m */,
				57466A9021086F0F002AFE79 /* NSString+Extension.h */,
				57466A9321086F0F002AFE79 /* NSString+Extension.m */,
			);
			path = Cagegory;
			sourceTree = "<group>";
		};
		57466A9F21087031002AFE79 /* Masonry */ = {
			isa = PBXGroup;
			children = (
				57466AA021087031002AFE79 /* MASCompositeConstraint.h */,
				57466AA121087031002AFE79 /* NSLayoutConstraint+MASDebugAdditions.m */,
				57466AA221087031002AFE79 /* MASConstraint+Private.h */,
				57466AA321087031002AFE79 /* MASLayoutConstraint.h */,
				57466AA421087031002AFE79 /* NSArray+MASShorthandAdditions.h */,
				57466AA521087031002AFE79 /* MASConstraintMaker.h */,
				57466AA621087031002AFE79 /* View+MASAdditions.h */,
				57466AA721087031002AFE79 /* NSArray+MASAdditions.h */,
				57466AA821087031002AFE79 /* MASUtilities.h */,
				57466AA921087031002AFE79 /* MASViewAttribute.h */,
				57466AAA21087031002AFE79 /* ViewController+MASAdditions.m */,
				57466AAB21087031002AFE79 /* MASViewConstraint.h */,
				57466AAC21087031002AFE79 /* MASConstraint.h */,
				57466AAD21087031002AFE79 /* NSLayoutConstraint+MASDebugAdditions.h */,
				57466AAE21087031002AFE79 /* MASCompositeConstraint.m */,
				57466AAF21087031002AFE79 /* MASConstraintMaker.m */,
				57466AB021087031002AFE79 /* MASLayoutConstraint.m */,
				57466AB121087031002AFE79 /* NSArray+MASAdditions.m */,
				57466AB221087031002AFE79 /* View+MASAdditions.m */,
				57466AB321087031002AFE79 /* View+MASShorthandAdditions.h */,
				57466AB421087031002AFE79 /* Masonry.h */,
				57466AB521087031002AFE79 /* MASConstraint.m */,
				57466AB621087031002AFE79 /* ViewController+MASAdditions.h */,
				57466AB721087031002AFE79 /* MASViewConstraint.m */,
				57466AB821087031002AFE79 /* MASViewAttribute.m */,
			);
			path = Masonry;
			sourceTree = "<group>";
		};
/* End PBXGroup section */

/* Begin PBXNativeTarget section */
		57466A5721086E2C002AFE79 /* LXTagsView */ = {
			isa = PBXNativeTarget;
			buildConfigurationList = 57466A8421086E2F002AFE79 /* Build configuration list for PBXNativeTarget "LXTagsView" */;
			buildPhases = (
				57466A5421086E2C002AFE79 /* Sources */,
				57466A5521086E2C002AFE79 /* Frameworks */,
				57466A5621086E2C002AFE79 /* Resources */,
			);
			buildRules = (
			);
			dependencies = (
			);
			name = LXTagsView;
			productName = LXTagsView;
			productReference = 57466A5821086E2C002AFE79 /* LXTagsView.app */;
			productType = "com.apple.product-type.application";
		};
		57466A6F21086E2F002AFE79 /* LXTagsViewTests */ = {
			isa = PBXNativeTarget;
			buildConfigurationList = 57466A8721086E2F002AFE79 /* Build configuration list for PBXNativeTarget "LXTagsViewTests" */;
			buildPhases = (
				57466A6C21086E2F002AFE79 /* Sources */,
				57466A6D21086E2F002AFE79 /* Frameworks */,
				57466A6E21086E2F002AFE79 /* Resources */,
			);
			buildRules = (
			);
			dependencies = (
				57466A7221086E2F002AFE79 /* PBXTargetDependency */,
			);
			name = LXTagsViewTests;
			productName = LXTagsViewTests;
			productReference = 57466A7021086E2F002AFE79 /* LXTagsViewTests.xctest */;
			productType = "com.apple.product-type.bundle.unit-test";
		};
		57466A7A21086E2F002AFE79 /* LXTagsViewUITests */ = {
			isa = PBXNativeTarget;
			buildConfigurationList = 57466A8A21086E2F002AFE79 /* Build configuration list for PBXNativeTarget "LXTagsViewUITests" */;
			buildPhases = (
				57466A7721086E2F002AFE79 /* Sources */,
				57466A7821086E2F002AFE79 /* Frameworks */,
				57466A7921086E2F002AFE79 /* Resources */,
			);
			buildRules = (
			);
			dependencies = (
				57466A7D21086E2F002AFE79 /* PBXTargetDependency */,
			);
			name = LXTagsViewUITests;
			productName = LXTagsViewUITests;
			productReference = 57466A7B21086E2F002AFE79 /* LXTagsViewUITests.xctest */;
			productType = "com.apple.product-type.bundle.ui-testing";
		};
/* End PBXNativeTarget section */

/* Begin PBXProject section */
		57466A5021086E2C002AFE79 /* Project object */ = {
			isa = PBXProject;
			attributes = {
				LastUpgradeCheck = 0940;
				ORGANIZATIONNAME = "漫漫";
				TargetAttributes = {
					57466A5721086E2C002AFE79 = {
						CreatedOnToolsVersion = 9.4.1;
					};
					57466A6F21086E2F002AFE79 = {
						CreatedOnToolsVersion = 9.4.1;
						TestTargetID = 57466A5721086E2C002AFE79;
					};
					57466A7A21086E2F002AFE79 = {
						CreatedOnToolsVersion = 9.4.1;
						TestTargetID = 57466A5721086E2C002AFE79;
					};
				};
			};
			buildConfigurationList = 57466A5321086E2C002AFE79 /* Build configuration list for PBXProject "LXTagsView" */;
			compatibilityVersion = "Xcode 9.3";
			developmentRegion = en;
			hasScannedForEncodings = 0;
			knownRegions = (
				en,
				Base,
			);
			mainGroup = 57466A4F21086E2C002AFE79;
			productRefGroup = 57466A5921086E2C002AFE79 /* Products */;
			projectDirPath = "";
			projectRoot = "";
			targets = (
				57466A5721086E2C002AFE79 /* LXTagsView */,
				57466A6F21086E2F002AFE79 /* LXTagsViewTests */,
				57466A7A21086E2F002AFE79 /* LXTagsViewUITests */,
			);
		};
/* End PBXProject section */

/* Begin PBXResourcesBuildPhase section */
		57466A5621086E2C002AFE79 /* Resources */ = {
			isa = PBXResourcesBuildPhase;
			buildActionMask = 2147483647;
			files = (
				57466A6821086E2F002AFE79 /* LaunchScreen.storyboard in Resources */,
				57466A6521086E2F002AFE79 /* Assets.xcassets in Resources */,
				57466A6321086E2D002AFE79 /* Main.storyboard in Resources */,
			);
			runOnlyForDeploymentPostprocessing = 0;
		};
		57466A6E21086E2F002AFE79 /* Resources */ = {
			isa = PBXResourcesBuildPhase;
			buildActionMask = 2147483647;
			files = (
			);
			runOnlyForDeploymentPostprocessing = 0;
		};
		57466A7921086E2F002AFE79 /* Resources */ = {
			isa = PBXResourcesBuildPhase;
			buildActionMask = 2147483647;
			files = (
			);
			runOnlyForDeploymentPostprocessing = 0;
		};
/* End PBXResourcesBuildPhase section */

/* Begin PBXSourcesBuildPhase section */
		57466A5421086E2C002AFE79 /* Sources */ = {
			isa = PBXSourcesBuildPhase;
			buildActionMask = 2147483647;
			files = (
				57466A9821086F0F002AFE79 /* NSString+Extension.m in Sources */,
				57466A9A21086F0F002AFE79 /* LXTagsView.m in Sources */,
				57466ABE21087031002AFE79 /* NSArray+MASAdditions.m in Sources */,
				57466A9E21086FF7002AFE79 /* UIButton+LXExpandBtn.m in Sources */,
				57466AC221087031002AFE79 /* MASViewAttribute.m in Sources */,
				57466A9921086F0F002AFE79 /* UIColor+LXExpand.m in Sources */,
				57466ABD21087031002AFE79 /* MASLayoutConstraint.m in Sources */,
				57466ABF21087031002AFE79 /* View+MASAdditions.m in Sources */,
				57466ABB21087031002AFE79 /* MASCompositeConstraint.m in Sources */,
				57466A6021086E2D002AFE79 /* ViewController.m in Sources */,
				57466AC5210870FD002AFE79 /* LabelTableViewController.m in Sources */,
				57466ABA21087031002AFE79 /* ViewController+MASAdditions.m in Sources */,
				57466A6B21086E2F002AFE79 /* main.m in Sources */,
				57466A5D21086E2C002AFE79 /* AppDelegate.m in Sources */,
				57466ABC21087031002AFE79 /* MASConstraintMaker.m in Sources */,
				57466AC82108711A002AFE79 /* LabelCell.m in Sources */,
				57466AB921087031002AFE79 /* NSLayoutConstraint+MASDebugAdditions.m in Sources */,
				57466AC021087031002AFE79 /* MASConstraint.m in Sources */,
				57466AC121087031002AFE79 /* MASViewConstraint.m in Sources */,
			);
			runOnlyForDeploymentPostprocessing = 0;
		};
		57466A6C21086E2F002AFE79 /* Sources */ = {
			isa = PBXSourcesBuildPhase;
			buildActionMask = 2147483647;
			files = (
				57466A7521086E2F002AFE79 /* LXTagsViewTests.m in Sources */,
			);
			runOnlyForDeploymentPostprocessing = 0;
		};
		57466A7721086E2F002AFE79 /* Sources */ = {
			isa = PBXSourcesBuildPhase;
			buildActionMask = 2147483647;
			files = (
				57466A8021086E2F002AFE79 /* LXTagsViewUITests.m in Sources */,
			);
			runOnlyForDeploymentPostprocessing = 0;
		};
/* End PBXSourcesBuildPhase section */

/* Begin PBXTargetDependency section */
		57466A7221086E2F002AFE79 /* PBXTargetDependency */ = {
			isa = PBXTargetDependency;
			target = 57466A5721086E2C002AFE79 /* LXTagsView */;
			targetProxy = 57466A7121086E2F002AFE79 /* PBXContainerItemProxy */;
		};
		57466A7D21086E2F002AFE79 /* PBXTargetDependency */ = {
			isa = PBXTargetDependency;
			target = 57466A5721086E2C002AFE79 /* LXTagsView */;
			targetProxy = 57466A7C21086E2F002AFE79 /* PBXContainerItemProxy */;
		};
/* End PBXTargetDependency section */

/* Begin PBXVariantGroup section */
		57466A6121086E2D002AFE79 /* Main.storyboard */ = {
			isa = PBXVariantGroup;
			children = (
				57466A6221086E2D002AFE79 /* Base */,
			);
			name = Main.storyboard;
			sourceTree = "<group>";
		};
		57466A6621086E2F002AFE79 /* LaunchScreen.storyboard */ = {
			isa = PBXVariantGroup;
			children = (
				57466A6721086E2F002AFE79 /* Base */,
			);
			name = LaunchScreen.storyboard;
			sourceTree = "<group>";
		};
/* End PBXVariantGroup section */

/* Begin XCBuildConfiguration section */
		57466A8221086E2F002AFE79 /* Debug */ = {
			isa = XCBuildConfiguration;
			buildSettings = {
				ALWAYS_SEARCH_USER_PATHS = NO;
				CLANG_ANALYZER_NONNULL = YES;
				CLANG_ANALYZER_NUMBER_OBJECT_CONVERSION = YES_AGGRESSIVE;
				CLANG_CXX_LANGUAGE_STANDARD = "gnu++14";
				CLANG_CXX_LIBRARY = "libc++";
				CLANG_ENABLE_MODULES = YES;
				CLANG_ENABLE_OBJC_ARC = YES;
				CLANG_ENABLE_OBJC_WEAK = YES;
				CLANG_WARN_BLOCK_CAPTURE_AUTORELEASING = YES;
				CLANG_WARN_BOOL_CONVERSION = YES;
				CLANG_WARN_COMMA = YES;
				CLANG_WARN_CONSTANT_CONVERSION = YES;
				CLANG_WARN_DEPRECATED_OBJC_IMPLEMENTATIONS = YES;
				CLANG_WARN_DIRECT_OBJC_ISA_USAGE = YES_ERROR;
				CLANG_WARN_DOCUMENTATION_COMMENTS = YES;
				CLANG_WARN_EMPTY_BODY = YES;
				CLANG_WARN_ENUM_CONVERSION = YES;
				CLANG_WARN_INFINITE_RECURSION = YES;
				CLANG_WARN_INT_CONVERSION = YES;
				CLANG_WARN_NON_LITERAL_NULL_CONVERSION = YES;
				CLANG_WARN_OBJC_IMPLICIT_RETAIN_SELF = YES;
				CLANG_WARN_OBJC_LITERAL_CONVERSION = YES;
				CLANG_WARN_OBJC_ROOT_CLASS = YES_ERROR;
				CLANG_WARN_RANGE_LOOP_ANALYSIS = YES;
				CLANG_WARN_STRICT_PROTOTYPES = YES;
				CLANG_WARN_SUSPICIOUS_MOVE = YES;
				CLANG_WARN_UNGUARDED_AVAILABILITY = YES_AGGRESSIVE;
				CLANG_WARN_UNREACHABLE_CODE = YES;
				CLANG_WARN__DUPLICATE_METHOD_MATCH = YES;
				CODE_SIGN_IDENTITY = "iPhone Developer";
				COPY_PHASE_STRIP = NO;
				DEBUG_INFORMATION_FORMAT = dwarf;
				ENABLE_STRICT_OBJC_MSGSEND = YES;
				ENABLE_TESTABILITY = YES;
				GCC_C_LANGUAGE_STANDARD = gnu11;
				GCC_DYNAMIC_NO_PIC = NO;
				GCC_NO_COMMON_BLOCKS = YES;
				GCC_OPTIMIZATION_LEVEL = 0;
				GCC_PREPROCESSOR_DEFINITIONS = (
					"DEBUG=1",
					"$(inherited)",
				);
				GCC_WARN_64_TO_32_BIT_CONVERSION = YES;
				GCC_WARN_ABOUT_RETURN_TYPE = YES_ERROR;
				GCC_WARN_UNDECLARED_SELECTOR = YES;
				GCC_WARN_UNINITIALIZED_AUTOS = YES_AGGRESSIVE;
				GCC_WARN_UNUSED_FUNCTION = YES;
				GCC_WARN_UNUSED_VARIABLE = YES;
				IPHONEOS_DEPLOYMENT_TARGET = 11.4;
				MTL_ENABLE_DEBUG_INFO = YES;
				ONLY_ACTIVE_ARCH = YES;
				SDKROOT = iphoneos;
			};
			name = Debug;
		};
		57466A8321086E2F002AFE79 /* Release */ = {
			isa = XCBuildConfiguration;
			buildSettings = {
				ALWAYS_SEARCH_USER_PATHS = NO;
				CLANG_ANALYZER_NONNULL = YES;
				CLANG_ANALYZER_NUMBER_OBJECT_CONVERSION = YES_AGGRESSIVE;
				CLANG_CXX_LANGUAGE_STANDARD = "gnu++14";
				CLANG_CXX_LIBRARY = "libc++";
				CLANG_ENABLE_MODULES = YES;
				CLANG_ENABLE_OBJC_ARC = YES;
				CLANG_ENABLE_OBJC_WEAK = YES;
				CLANG_WARN_BLOCK_CAPTURE_AUTORELEASING = YES;
				CLANG_WARN_BOOL_CONVERSION = YES;
				CLANG_WARN_COMMA = YES;
				CLANG_WARN_CONSTANT_CONVERSION = YES;
				CLANG_WARN_DEPRECATED_OBJC_IMPLEMENTATIONS = YES;
				CLANG_WARN_DIRECT_OBJC_ISA_USAGE = YES_ERROR;
				CLANG_WARN_DOCUMENTATION_COMMENTS = YES;
				CLANG_WARN_EMPTY_BODY = YES;
				CLANG_WARN_ENUM_CONVERSION = YES;
				CLANG_WARN_INFINITE_RECURSION = YES;
				CLANG_WARN_INT_CONVERSION = YES;
				CLANG_WARN_NON_LITERAL_NULL_CONVERSION = YES;
				CLANG_WARN_OBJC_IMPLICIT_RETAIN_SELF = YES;
				CLANG_WARN_OBJC_LITERAL_CONVERSION = YES;
				CLANG_WARN_OBJC_ROOT_CLASS = YES_ERROR;
				CLANG_WARN_RANGE_LOOP_ANALYSIS = YES;
				CLANG_WARN_STRICT_PROTOTYPES = YES;
				CLANG_WARN_SUSPICIOUS_MOVE = YES;
				CLANG_WARN_UNGUARDED_AVAILABILITY = YES_AGGRESSIVE;
				CLANG_WARN_UNREACHABLE_CODE = YES;
				CLANG_WARN__DUPLICATE_METHOD_MATCH = YES;
				CODE_SIGN_IDENTITY = "iPhone Developer";
				COPY_PHASE_STRIP = NO;
				DEBUG_INFORMATION_FORMAT = "dwarf-with-dsym";
				ENABLE_NS_ASSERTIONS = NO;
				ENABLE_STRICT_OBJC_MSGSEND = YES;
				GCC_C_LANGUAGE_STANDARD = gnu11;
				GCC_NO_COMMON_BLOCKS = YES;
				GCC_WARN_64_TO_32_BIT_CONVERSION = YES;
				GCC_WARN_ABOUT_RETURN_TYPE = YES_ERROR;
				GCC_WARN_UNDECLARED_SELECTOR = YES;
				GCC_WARN_UNINITIALIZED_AUTOS = YES_AGGRESSIVE;
				GCC_WARN_UNUSED_FUNCTION = YES;
				GCC_WARN_UNUSED_VARIABLE = YES;
				IPHONEOS_DEPLOYMENT_TARGET = 11.4;
				MTL_ENABLE_DEBUG_INFO = NO;
				SDKROOT = iphoneos;
				VALIDATE_PRODUCT = YES;
			};
			name = Release;
		};
		57466A8521086E2F002AFE79 /* Debug */ = {
			isa = XCBuildConfiguration;
			buildSettings = {
				ASSETCATALOG_COMPILER_APPICON_NAME = AppIcon;
				CODE_SIGN_STYLE = Automatic;
				DEVELOPMENT_TEAM = 4JVNL35S32;
				GCC_PREFIX_HEADER = "$(SRCROOT)/LXTagsView/LX.pch";
				INFOPLIST_FILE = LXTagsView/Info.plist;
				IPHONEOS_DEPLOYMENT_TARGET = 9.0;
				LD_RUNPATH_SEARCH_PATHS = (
					"$(inherited)",
					"@executable_path/Frameworks",
				);
				PRODUCT_BUNDLE_IDENTIFIER = lxx.LXTagsView;
				PRODUCT_NAME = "$(TARGET_NAME)";
				TARGETED_DEVICE_FAMILY = "1,2";
			};
			name = Debug;
		};
		57466A8621086E2F002AFE79 /* Release */ = {
			isa = XCBuildConfiguration;
			buildSettings = {
				ASSETCATALOG_COMPILER_APPICON_NAME = AppIcon;
				CODE_SIGN_STYLE = Automatic;
				DEVELOPMENT_TEAM = 4JVNL35S32;
				GCC_PREFIX_HEADER = "$(SRCROOT)/LXTagsView/LX.pch";
				INFOPLIST_FILE = LXTagsView/Info.plist;
				IPHONEOS_DEPLOYMENT_TARGET = 9.0;
				LD_RUNPATH_SEARCH_PATHS = (
					"$(inherited)",
					"@executable_path/Frameworks",
				);
				PRODUCT_BUNDLE_IDENTIFIER = lxx.LXTagsView;
				PRODUCT_NAME = "$(TARGET_NAME)";
				TARGETED_DEVICE_FAMILY = "1,2";
			};
			name = Release;
		};
		57466A8821086E2F002AFE79 /* Debug */ = {
			isa = XCBuildConfiguration;
			buildSettings = {
				BUNDLE_LOADER = "$(TEST_HOST)";
				CODE_SIGN_STYLE = Automatic;
				INFOPLIST_FILE = LXTagsViewTests/Info.plist;
				LD_RUNPATH_SEARCH_PATHS = (
					"$(inherited)",
					"@executable_path/Frameworks",
					"@loader_path/Frameworks",
				);
				PRODUCT_BUNDLE_IDENTIFIER = lxx.LXTagsViewTests;
				PRODUCT_NAME = "$(TARGET_NAME)";
				TARGETED_DEVICE_FAMILY = "1,2";
				TEST_HOST = "$(BUILT_PRODUCTS_DIR)/LXTagsView.app/LXTagsView";
			};
			name = Debug;
		};
		57466A8921086E2F002AFE79 /* Release */ = {
			isa = XCBuildConfiguration;
			buildSettings = {
				BUNDLE_LOADER = "$(TEST_HOST)";
				CODE_SIGN_STYLE = Automatic;
				INFOPLIST_FILE = LXTagsViewTests/Info.plist;
				LD_RUNPATH_SEARCH_PATHS = (
					"$(inherited)",
					"@executable_path/Frameworks",
					"@loader_path/Frameworks",
				);
				PRODUCT_BUNDLE_IDENTIFIER = lxx.LXTagsViewTests;
				PRODUCT_NAME = "$(TARGET_NAME)";
				TARGETED_DEVICE_FAMILY = "1,2";
				TEST_HOST = "$(BUILT_PRODUCTS_DIR)/LXTagsView.app/LXTagsView";
			};
			name = Release;
		};
		57466A8B21086E2F002AFE79 /* Debug */ = {
			isa = XCBuildConfiguration;
			buildSettings = {
				CODE_SIGN_STYLE = Automatic;
				INFOPLIST_FILE = LXTagsViewUITests/Info.plist;
				LD_RUNPATH_SEARCH_PATHS = (
					"$(inherited)",
					"@executable_path/Frameworks",
					"@loader_path/Frameworks",
				);
				PRODUCT_BUNDLE_IDENTIFIER = lxx.LXTagsViewUITests;
				PRODUCT_NAME = "$(TARGET_NAME)";
				TARGETED_DEVICE_FAMILY = "1,2";
				TEST_TARGET_NAME = LXTagsView;
			};
			name = Debug;
		};
		57466A8C21086E2F002AFE79 /* Release */ = {
			isa = XCBuildConfiguration;
			buildSettings = {
				CODE_SIGN_STYLE = Automatic;
				INFOPLIST_FILE = LXTagsViewUITests/Info.plist;
				LD_RUNPATH_SEARCH_PATHS = (
					"$(inherited)",
					"@executable_path/Frameworks",
					"@loader_path/Frameworks",
				);
				PRODUCT_BUNDLE_IDENTIFIER = lxx.LXTagsViewUITests;
				PRODUCT_NAME = "$(TARGET_NAME)";
				TARGETED_DEVICE_FAMILY = "1,2";
				TEST_TARGET_NAME = LXTagsView;
			};
			name = Release;
		};
/* End XCBuildConfiguration section */

/* Begin XCConfigurationList section */
		57466A5321086E2C002AFE79 /* Build configuration list for PBXProject "LXTagsView" */ = {
			isa = XCConfigurationList;
			buildConfigurations = (
				57466A8221086E2F002AFE79 /* Debug */,
				57466A8321086E2F002AFE79 /* Release */,
			);
			defaultConfigurationIsVisible = 0;
			defaultConfigurationName = Release;
		};
		57466A8421086E2F002AFE79 /* Build configuration list for PBXNativeTarget "LXTagsView" */ = {
			isa = XCConfigurationList;
			buildConfigurations = (
				57466A8521086E2F002AFE79 /* Debug */,
				57466A8621086E2F002AFE79 /* Release */,
			);
			defaultConfigurationIsVisible = 0;
			defaultConfigurationName = Release;
		};
		57466A8721086E2F002AFE79 /* Build configuration list for PBXNativeTarget "LXTagsViewTests" */ = {
			isa = XCConfigurationList;
			buildConfigurations = (
				57466A8821086E2F002AFE79 /* Debug */,
				57466A8921086E2F002AFE79 /* Release */,
			);
			defaultConfigurationIsVisible = 0;
			defaultConfigurationName = Release;
		};
		57466A8A21086E2F002AFE79 /* Build configuration list for PBXNativeTarget "LXTagsViewUITests" */ = {
			isa = XCConfigurationList;
			buildConfigurations = (
				57466A8B21086E2F002AFE79 /* Debug */,
				57466A8C21086E2F002AFE79 /* Release */,
			);
			defaultConfigurationIsVisible = 0;
			defaultConfigurationName = Release;
		};
/* End XCConfigurationList section */
	};
	rootObject = 57466A5021086E2C002AFE79 /* Project object */;
}
